// !$*UTF8*$!
{
	archiveVersion = 1;
	classes = {
	};
	objectVersion = 46;
	objects = {

/* Begin PBXBuildFile section */
		BA3A43E6194CD2E00000C6FA /* Foundation.framework in Frameworks */ = {isa = PBXBuildFile; fileRef = BA3A43E5194CD2E00000C6FA /* Foundation.framework */; };
		BA3A43E8194CD2E00000C6FA /* CoreGraphics.framework in Frameworks */ = {isa = PBXBuildFile; fileRef = BA3A43E7194CD2E00000C6FA /* CoreGraphics.framework */; };
		BA3A43EA194CD2E00000C6FA /* UIKit.framework in Frameworks */ = {isa = PBXBuildFile; fileRef = BA3A43E9194CD2E00000C6FA /* UIKit.framework */; };
		BA3A43F0194CD2E00000C6FA /* InfoPlist.strings in Resources */ = {isa = PBXBuildFile; fileRef = BA3A43EE194CD2E00000C6FA /* InfoPlist.strings */; };
		BA3A43F2194CD2E00000C6FA /* main.m in Sources */ = {isa = PBXBuildFile; fileRef = BA3A43F1194CD2E00000C6FA /* main.m */; };
		BA3A43F6194CD2E00000C6FA /* AppDelegate.m in Sources */ = {isa = PBXBuildFile; fileRef = BA3A43F5194CD2E00000C6FA /* AppDelegate.m */; };
		BA3A43F8194CD2E00000C6FA /* Images.xcassets in Resources */ = {isa = PBXBuildFile; fileRef = BA3A43F7194CD2E00000C6FA /* Images.xcassets */; };
		BA3A43FF194CD2E00000C6FA /* XCTest.framework in Frameworks */ = {isa = PBXBuildFile; fileRef = BA3A43FE194CD2E00000C6FA /* XCTest.framework */; };
		BA3A4400194CD2E00000C6FA /* Foundation.framework in Frameworks */ = {isa = PBXBuildFile; fileRef = BA3A43E5194CD2E00000C6FA /* Foundation.framework */; };
		BA3A4401194CD2E00000C6FA /* UIKit.framework in Frameworks */ = {isa = PBXBuildFile; fileRef = BA3A43E9194CD2E00000C6FA /* UIKit.framework */; };
		BA3A4409194CD2E00000C6FA /* InfoPlist.strings in Resources */ = {isa = PBXBuildFile; fileRef = BA3A4407194CD2E00000C6FA /* InfoPlist.strings */; };
		BA3A440B194CD2E00000C6FA /* NomzTests.m in Sources */ = {isa = PBXBuildFile; fileRef = BA3A440A194CD2E00000C6FA /* NomzTests.m */; };
/* End PBXBuildFile section */

/* Begin PBXContainerItemProxy section */
		BA3A4402194CD2E00000C6FA /* PBXContainerItemProxy */ = {
			isa = PBXContainerItemProxy;
			containerPortal = BA3A43DA194CD2E00000C6FA /* Project object */;
			proxyType = 1;
			remoteGlobalIDString = BA3A43E1194CD2E00000C6FA;
			remoteInfo = Nomz;
		};
/* End PBXContainerItemProxy section */

/* Begin PBXFileReference section */
		BA3A43E2194CD2E00000C6FA /* Nomz.app */ = {isa = PBXFileReference; explicitFileType = wrapper.application; includeInIndex = 0; path = Nomz.app; sourceTree = BUILT_PRODUCTS_DIR; };
		BA3A43E5194CD2E00000C6FA /* Foundation.framework */ = {isa = PBXFileReference; lastKnownFileType = wrapper.framework; name = Foundation.framework; path = System/Library/Frameworks/Foundation.framework; sourceTree = SDKROOT; };
		BA3A43E7194CD2E00000C6FA /* CoreGraphics.framework */ = {isa = PBXFileReference; lastKnownFileType = wrapper.framework; name = CoreGraphics.framework; path = System/Library/Frameworks/CoreGraphics.framework; sourceTree = SDKROOT; };
		BA3A43E9194CD2E00000C6FA /* UIKit.framework */ = {isa = PBXFileReference; lastKnownFileType = wrapper.framework; name = UIKit.framework; path = System/Library/Frameworks/UIKit.framework; sourceTree = SDKROOT; };
		BA3A43ED194CD2E00000C6FA /* Nomz-Info.plist */ = {isa = PBXFileReference; lastKnownFileType = text.plist.xml; path = "Nomz-Info.plist"; sourceTree = "<group>"; };
		BA3A43EF194CD2E00000C6FA /* en */ = {isa = PBXFileReference; lastKnownFileType = text.plist.strings; name = en; path = en.lproj/InfoPlist.strings; sourceTree = "<group>"; };
		BA3A43F1194CD2E00000C6FA /* main.m */ = {isa = PBXFileReference; lastKnownFileType = sourcecode.c.objc; path = main.m; sourceTree = "<group>"; };
		BA3A43F3194CD2E00000C6FA /* Nomz-Prefix.pch */ = {isa = PBXFileReference; lastKnownFileType = sourcecode.c.h; path = "Nomz-Prefix.pch"; sourceTree = "<group>"; };
		BA3A43F4194CD2E00000C6FA /* AppDelegate.h */ = {isa = PBXFileReference; lastKnownFileType = sourcecode.c.h; path = AppDelegate.h; sourceTree = "<group>"; };
		BA3A43F5194CD2E00000C6FA /* AppDelegate.m */ = {isa = PBXFileReference; lastKnownFileType = sourcecode.c.objc; path = AppDelegate.m; sourceTree = "<group>"; };
		BA3A43F7194CD2E00000C6FA /* Images.xcassets */ = {isa = PBXFileReference; lastKnownFileType = folder.assetcatalog; path = Images.xcassets; sourceTree = "<group>"; };
		BA3A43FD194CD2E00000C6FA /* NomzTests.xctest */ = {isa = PBXFileReference; explicitFileType = wrapper.cfbundle; includeInIndex = 0; path = NomzTests.xctest; sourceTree = BUILT_PRODUCTS_DIR; };
		BA3A43FE194CD2E00000C6FA /* XCTest.framework */ = {isa = PBXFileReference; lastKnownFileType = wrapper.framework; name = XCTest.framework; path = Library/Frameworks/XCTest.framework; sourceTree = DEVELOPER_DIR; };
		BA3A4406194CD2E00000C6FA /* NomzTests-Info.plist */ = {isa = PBXFileReference; lastKnownFileType = text.plist.xml; path = "NomzTests-Info.plist"; sourceTree = "<group>"; };
		BA3A4408194CD2E00000C6FA /* en */ = {isa = PBXFileReference; lastKnownFileType = text.plist.strings; name = en; path = en.lproj/InfoPlist.strings; sourceTree = "<group>"; };
		BA3A440A194CD2E00000C6FA /* NomzTests.m */ = {isa = PBXFileReference; lastKnownFileType = sourcecode.c.objc; path = NomzTests.m; sourceTree = "<group>"; };
/* End PBXFileReference section */

/* Begin PBXFrameworksBuildPhase section */
		BA3A43DF194CD2E00000C6FA /* Frameworks */ = {
			isa = PBXFrameworksBuildPhase;
			buildActionMask = 2147483647;
			files = (
				BA3A43E8194CD2E00000C6FA /* CoreGraphics.framework in Frameworks */,
				BA3A43EA194CD2E00000C6FA /* UIKit.framework in Frameworks */,
				BA3A43E6194CD2E00000C6FA /* Foundation.framework in Frameworks */,
			);
			runOnlyForDeploymentPostprocessing = 0;
		};
		BA3A43FA194CD2E00000C6FA /* Frameworks */ = {
			isa = PBXFrameworksBuildPhase;
			buildActionMask = 2147483647;
			files = (
				BA3A43FF194CD2E00000C6FA /* XCTest.framework in Frameworks */,
				BA3A4401194CD2E00000C6FA /* UIKit.framework in Frameworks */,
				BA3A4400194CD2E00000C6FA /* Foundation.framework in Frameworks */,
			);
			runOnlyForDeploymentPostprocessing = 0;
		};
/* End PBXFrameworksBuildPhase section */

/* Begin PBXGroup section */
		BA3A43D9194CD2E00000C6FA = {
			isa = PBXGroup;
			children = (
				BA3A43EB194CD2E00000C6FA /* Nomz */,
				BA3A4404194CD2E00000C6FA /* NomzTests */,
				BA3A43E4194CD2E00000C6FA /* Frameworks */,
				BA3A43E3194CD2E00000C6FA /* Products */,
			);
			sourceTree = "<group>";
		};
		BA3A43E3194CD2E00000C6FA /* Products */ = {
			isa = PBXGroup;
			children = (
				BA3A43E2194CD2E00000C6FA /* Nomz.app */,
				BA3A43FD194CD2E00000C6FA /* NomzTests.xctest */,
			);
			name = Products;
			sourceTree = "<group>";
		};
		BA3A43E4194CD2E00000C6FA /* Frameworks */ = {
			isa = PBXGroup;
			children = (
				BA3A43E5194CD2E00000C6FA /* Foundation.framework */,
				BA3A43E7194CD2E00000C6FA /* CoreGraphics.framework */,
				BA3A43E9194CD2E00000C6FA /* UIKit.framework */,
				BA3A43FE194CD2E00000C6FA /* XCTest.framework */,
			);
			name = Frameworks;
			sourceTree = "<group>";
		};
		BA3A43EB194CD2E00000C6FA /* Nomz */ = {
			isa = PBXGroup;
			children = (
				BA3A43F4194CD2E00000C6FA /* AppDelegate.h */,
				BA3A43F5194CD2E00000C6FA /* AppDelegate.m */,
				BA3A43F7194CD2E00000C6FA /* Images.xcassets */,
				BA3A43EC194CD2E00000C6FA /* Supporting Files */,
			);
			path = Nomz;
			sourceTree = "<group>";
		};
		BA3A43EC194CD2E00000C6FA /* Supporting Files */ = {
			isa = PBXGroup;
			children = (
				BA3A43ED194CD2E00000C6FA /* Nomz-Info.plist */,
				BA3A43EE194CD2E00000C6FA /* InfoPlist.strings */,
				BA3A43F1194CD2E00000C6FA /* main.m */,
				BA3A43F3194CD2E00000C6FA /* Nomz-Prefix.pch */,
			);
			name = "Supporting Files";
			sourceTree = "<group>";
		};
		BA3A4404194CD2E00000C6FA /* NomzTests */ = {
			isa = PBXGroup;
			children = (
				BA3A440A194CD2E00000C6FA /* NomzTests.m */,
				BA3A4405194CD2E00000C6FA /* Supporting Files */,
			);
			path = NomzTests;
			sourceTree = "<group>";
		};
		BA3A4405194CD2E00000C6FA /* Supporting Files */ = {
			isa = PBXGroup;
			children = (
				BA3A4406194CD2E00000C6FA /* NomzTests-Info.plist */,
				BA3A4407194CD2E00000C6FA /* InfoPlist.strings */,
			);
			name = "Supporting Files";
			sourceTree = "<group>";
		};
/* End PBXGroup section */

/* Begin PBXNativeTarget section */
		BA3A43E1194CD2E00000C6FA /* Nomz */ = {
			isa = PBXNativeTarget;
			buildConfigurationList = BA3A440E194CD2E00000C6FA /* Build configuration list for PBXNativeTarget "Nomz" */;
			buildPhases = (
				BA3A43DE194CD2E00000C6FA /* Sources */,
				BA3A43DF194CD2E00000C6FA /* Frameworks */,
				BA3A43E0194CD2E00000C6FA /* Resources */,
			);
			buildRules = (
			);
			dependencies = (
			);
			name = Nomz;
			productName = Nomz;
			productReference = BA3A43E2194CD2E00000C6FA /* Nomz.app */;
			productType = "com.apple.product-type.application";
		};
		BA3A43FC194CD2E00000C6FA /* NomzTests */ = {
			isa = PBXNativeTarget;
			buildConfigurationList = BA3A4411194CD2E00000C6FA /* Build configuration list for PBXNativeTarget "NomzTests" */;
			buildPhases = (
				BA3A43F9194CD2E00000C6FA /* Sources */,
				BA3A43FA194CD2E00000C6FA /* Frameworks */,
				BA3A43FB194CD2E00000C6FA /* Resources */,
			);
			buildRules = (
			);
			dependencies = (
				BA3A4403194CD2E00000C6FA /* PBXTargetDependency */,
			);
			name = NomzTests;
			productName = NomzTests;
			productReference = BA3A43FD194CD2E00000C6FA /* NomzTests.xctest */;
			productType = "com.apple.product-type.bundle.unit-test";
		};
/* End PBXNativeTarget section */

/* Begin PBXProject section */
		BA3A43DA194CD2E00000C6FA /* Project object */ = {
			isa = PBXProject;
			attributes = {
				LastUpgradeCheck = 0510;
				ORGANIZATIONNAME = geemoo;
				TargetAttributes = {
					BA3A43FC194CD2E00000C6FA = {
						TestTargetID = BA3A43E1194CD2E00000C6FA;
					};
				};
			};
			buildConfigurationList = BA3A43DD194CD2E00000C6FA /* Build configuration list for PBXProject "Nomz" */;
			compatibilityVersion = "Xcode 3.2";
			developmentRegion = English;
			hasScannedForEncodings = 0;
			knownRegions = (
				en,
			);
			mainGroup = BA3A43D9194CD2E00000C6FA;
			productRefGroup = BA3A43E3194CD2E00000C6FA /* Products */;
			projectDirPath = "";
			projectRoot = "";
			targets = (
				BA3A43E1194CD2E00000C6FA /* Nomz */,
				BA3A43FC194CD2E00000C6FA /* NomzTests */,
			);
		};
/* End PBXProject section */

/* Begin PBXResourcesBuildPhase section */
		BA3A43E0194CD2E00000C6FA /* Resources */ = {
			isa = PBXResourcesBuildPhase;
			buildActionMask = 2147483647;
			files = (
				BA3A43F0194CD2E00000C6FA /* InfoPlist.strings in Resources */,
				BA3A43F8194CD2E00000C6FA /* Images.xcassets in Resources */,
			);
			runOnlyForDeploymentPostprocessing = 0;
		};
		BA3A43FB194CD2E00000C6FA /* Resources */ = {
			isa = PBXResourcesBuildPhase;
			buildActionMask = 2147483647;
			files = (
				BA3A4409194CD2E00000C6FA /* InfoPlist.strings in Resources */,
			);
			runOnlyForDeploymentPostprocessing = 0;
		};
/* End PBXResourcesBuildPhase section */

/* Begin PBXSourcesBuildPhase section */
		BA3A43DE194CD2E00000C6FA /* Sources */ = {
			isa = PBXSourcesBuildPhase;
			buildActionMask = 2147483647;
			files = (
				BA3A43F6194CD2E00000C6FA /* AppDelegate.m in Sources */,
				BA3A43F2194CD2E00000C6FA /* main.m in Sources */,
			);
			runOnlyForDeploymentPostprocessing = 0;
		};
		BA3A43F9194CD2E00000C6FA /* Sources */ = {
			isa = PBXSourcesBuildPhase;
			buildActionMask = 2147483647;
			files = (
				BA3A440B194CD2E00000C6FA /* NomzTests.m in Sources */,
			);
			runOnlyForDeploymentPostprocessing = 0;
		};
/* End PBXSourcesBuildPhase section */

/* Begin PBXTargetDependency section */
		BA3A4403194CD2E00000C6FA /* PBXTargetDependency */ = {
			isa = PBXTargetDependency;
			target = BA3A43E1194CD2E00000C6FA /* Nomz */;
			targetProxy = BA3A4402194CD2E00000C6FA /* PBXContainerItemProxy */;
		};
/* End PBXTargetDependency section */

/* Begin PBXVariantGroup section */
		BA3A43EE194CD2E00000C6FA /* InfoPlist.strings */ = {
			isa = PBXVariantGroup;
			children = (
				BA3A43EF194CD2E00000C6FA /* en */,
			);
			name = InfoPlist.strings;
			sourceTree = "<group>";
		};
		BA3A4407194CD2E00000C6FA /* InfoPlist.strings */ = {
			isa = PBXVariantGroup;
			children = (
				BA3A4408194CD2E00000C6FA /* en */,
			);
			name = InfoPlist.strings;
			sourceTree = "<group>";
		};
/* End PBXVariantGroup section */

/* Begin XCBuildConfiguration section */
		BA3A440C194CD2E00000C6FA /* Debug */ = {
			isa = XCBuildConfiguration;
			buildSettings = {
				ALWAYS_SEARCH_USER_PATHS = NO;
				CLANG_CXX_LANGUAGE_STANDARD = "gnu++0x";
				CLANG_CXX_LIBRARY = "libc++";
				CLANG_ENABLE_MODULES = YES;
				CLANG_ENABLE_OBJC_ARC = YES;
				CLANG_WARN_BOOL_CONVERSION = YES;
				CLANG_WARN_CONSTANT_CONVERSION = YES;
				CLANG_WARN_DIRECT_OBJC_ISA_USAGE = YES_ERROR;
				CLANG_WARN_EMPTY_BODY = YES;
				CLANG_WARN_ENUM_CONVERSION = YES;
				CLANG_WARN_INT_CONVERSION = YES;
				CLANG_WARN_OBJC_ROOT_CLASS = YES_ERROR;
				CLANG_WARN__DUPLICATE_METHOD_MATCH = YES;
				"CODE_SIGN_IDENTITY[sdk=iphoneos*]" = "iPhone Developer";
				COPY_PHASE_STRIP = NO;
				GCC_C_LANGUAGE_STANDARD = gnu99;
				GCC_DYNAMIC_NO_PIC = NO;
				GCC_OPTIMIZATION_LEVEL = 0;
				GCC_PREPROCESSOR_DEFINITIONS = (
					"DEBUG=1",
					"$(inherited)",
				);
				GCC_SYMBOLS_PRIVATE_EXTERN = NO;
				GCC_WARN_64_TO_32_BIT_CONVERSION = YES;
				GCC_WARN_ABOUT_RETURN_TYPE = YES_ERROR;
				GCC_WARN_UNDECLARED_SELECTOR = YES;
				GCC_WARN_UNINITIALIZED_AUTOS = YES_AGGRESSIVE;
				GCC_WARN_UNUSED_FUNCTION = YES;
				GCC_WARN_UNUSED_VARIABLE = YES;
				IPHONEOS_DEPLOYMENT_TARGET = 7.1;
				ONLY_ACTIVE_ARCH = YES;
				SDKROOT = iphoneos;
				TARGETED_DEVICE_FAMILY = "1,2";
			};
			name = Debug;
		};
		BA3A440D194CD2E00000C6FA /* Release */ = {
			isa = XCBuildConfiguration;
			buildSettings = {
				ALWAYS_SEARCH_USER_PATHS = NO;
				CLANG_CXX_LANGUAGE_STANDARD = "gnu++0x";
				CLANG_CXX_LIBRARY = "libc++";
				CLANG_ENABLE_MODULES = YES;
				CLANG_ENABLE_OBJC_ARC = YES;
				CLANG_WARN_BOOL_CONVERSION = YES;
				CLANG_WARN_CONSTANT_CONVERSION = YES;
				CLANG_WARN_DIRECT_OBJC_ISA_USAGE = YES_ERROR;
				CLANG_WARN_EMPTY_BODY = YES;
				CLANG_WARN_ENUM_CONVERSION = YES;
				CLANG_WARN_INT_CONVERSION = YES;
				CLANG_WARN_OBJC_ROOT_CLASS = YES_ERROR;
				CLANG_WARN__DUPLICATE_METHOD_MATCH = YES;
				"CODE_SIGN_IDENTITY[sdk=iphoneos*]" = "iPhone Developer";
				COPY_PHASE_STRIP = YES;
				ENABLE_NS_ASSERTIONS = NO;
				GCC_C_LANGUAGE_STANDARD = gnu99;
				GCC_WARN_64_TO_32_BIT_CONVERSION = YES;
				GCC_WARN_ABOUT_RETURN_TYPE = YES_ERROR;
				GCC_WARN_UNDECLARED_SELECTOR = YES;
				GCC_WARN_UNINITIALIZED_AUTOS = YES_AGGRESSIVE;
				GCC_WARN_UNUSED_FUNCTION = YES;
				GCC_WARN_UNUSED_VARIABLE = YES;
				IPHONEOS_DEPLOYMENT_TARGET = 7.1;
				SDKROOT = iphoneos;
				TARGETED_DEVICE_FAMILY = "1,2";
				VALIDATE_PRODUCT = YES;
			};
			name = Release;
		};
		BA3A440F194CD2E00000C6FA /* Debug */ = {
			isa = XCBuildConfiguration;
			buildSettings = {
				ASSETCATALOG_COMPILER_APPICON_NAME = AppIcon;
				ASSETCATALOG_COMPILER_LAUNCHIMAGE_NAME = LaunchImage;
				GCC_PRECOMPILE_PREFIX_HEADER = YES;
				GCC_PREFIX_HEADER = "Nomz/Nomz-Prefix.pch";
				INFOPLIST_FILE = "Nomz/Nomz-Info.plist";
				PRODUCT_NAME = "$(TARGET_NAME)";
				WRAPPER_EXTENSION = app;
			};
			name = Debug;
		};
		BA3A4410194CD2E00000C6FA /* Release */ = {
			isa = XCBuildConfiguration;
			buildSettings = {
				ASSETCATALOG_COMPILER_APPICON_NAME = AppIcon;
				ASSETCATALOG_COMPILER_LAUNCHIMAGE_NAME = LaunchImage;
				GCC_PRECOMPILE_PREFIX_HEADER = YES;
				GCC_PREFIX_HEADER = "Nomz/Nomz-Prefix.pch";
				INFOPLIST_FILE = "Nomz/Nomz-Info.plist";
				PRODUCT_NAME = "$(TARGET_NAME)";
				WRAPPER_EXTENSION = app;
			};
			name = Release;
		};
		BA3A4412194CD2E00000C6FA /* Debug */ = {
			isa = XCBuildConfiguration;
			buildSettings = {
				BUNDLE_LOADER = "$(BUILT_PRODUCTS_DIR)/Nomz.app/Nomz";
				FRAMEWORK_SEARCH_PATHS = (
					"$(SDKROOT)/Developer/Library/Frameworks",
					"$(inherited)",
					"$(DEVELOPER_FRAMEWORKS_DIR)",
				);
				GCC_PRECOMPILE_PREFIX_HEADER = YES;
				GCC_PREFIX_HEADER = "Nomz/Nomz-Prefix.pch";
				GCC_PREPROCESSOR_DEFINITIONS = (
					"DEBUG=1",
					"$(inherited)",
				);
				INFOPLIST_FILE = "NomzTests/NomzTests-Info.plist";
				PRODUCT_NAME = "$(TARGET_NAME)";
				TEST_HOST = "$(BUNDLE_LOADER)";
				WRAPPER_EXTENSION = xctest;
			};
			name = Debug;
		};
		BA3A4413194CD2E00000C6FA /* Release */ = {
			isa = XCBuildConfiguration;
			buildSettings = {
				BUNDLE_LOADER = "$(BUILT_PRODUCTS_DIR)/Nomz.app/Nomz";
				FRAMEWORK_SEARCH_PATHS = (
					"$(SDKROOT)/Developer/Library/Frameworks",
					"$(inherited)",
					"$(DEVELOPER_FRAMEWORKS_DIR)",
				);
				GCC_PRECOMPILE_PREFIX_HEADER = YES;
				GCC_PREFIX_HEADER = "Nomz/Nomz-Prefix.pch";
				INFOPLIST_FILE = "NomzTests/NomzTests-Info.plist";
				PRODUCT_NAME = "$(TARGET_NAME)";
				TEST_HOST = "$(BUNDLE_LOADER)";
				WRAPPER_EXTENSION = xctest;
			};
			name = Release;
		};
/* End XCBuildConfiguration section */

/* Begin XCConfigurationList section */
		BA3A43DD194CD2E00000C6FA /* Build configuration list for PBXProject "Nomz" */ = {
			isa = XCConfigurationList;
			buildConfigurations = (
				BA3A440C194CD2E00000C6FA /* Debug */,
				BA3A440D194CD2E00000C6FA /* Release */,
			);
			defaultConfigurationIsVisible = 0;
			defaultConfigurationName = Release;
		};
		BA3A440E194CD2E00000C6FA /* Build configuration list for PBXNativeTarget "Nomz" */ = {
			isa = XCConfigurationList;
			buildConfigurations = (
				BA3A440F194CD2E00000C6FA /* Debug */,
				BA3A4410194CD2E00000C6FA /* Release */,
			);
			defaultConfigurationIsVisible = 0;
		};
		BA3A4411194CD2E00000C6FA /* Build configuration list for PBXNativeTarget "NomzTests" */ = {
			isa = XCConfigurationList;
			buildConfigurations = (
				BA3A4412194CD2E00000C6FA /* Debug */,
				BA3A4413194CD2E00000C6FA /* Release */,
			);
			defaultConfigurationIsVisible = 0;
		};
/* End XCConfigurationList section */
	};
	rootObject = BA3A43DA194CD2E00000C6FA /* Project object */;
}
